
Microsoft Visual Studio Solution File, Format Version 12.00
# Visual Studio 15
VisualStudioVersion = 15.0.27130.2027
MinimumVisualStudioVersion = 10.0.40219.1
Project("{FAE04EC0-301F-11D3-BF4B-00C04F79EFBC}") = "HangfireOne", "src\HangfireOne\HangfireOne.csproj", "{D6833064-4A4F-4B05-8E47-B03240ED7EED}"
EndProject
Global
	GlobalSection(SolutionConfigurationPlatforms) = preSolution
		Debug|Any CPU = Debug|Any CPU
		Release|Any CPU = Release|Any CPU
	EndGlobalSection
	GlobalSection(ProjectConfigurationPlatforms) = postSolution
		{D6833064-4A4F-4B05-8E47-B03240ED7EED}.Debug|Any CPU.ActiveCfg = Debug|Any CPU
		{D6833064-4A4F-4B05-8E47-B03240ED7EED}.Debug|Any CPU.Build.0 = Debug|Any CPU
		{D6833064-4A4F-4B05-8E47-B03240ED7EED}.Release|Any CPU.ActiveCfg = Release|Any CPU
		{D6833064-4A4F-4B05-8E47-B03240ED7EED}.Release|Any CPU.Build.0 = Release|Any CPU
	EndGlobalSection
	GlobalSection(SolutionProperties) = preSolution
		HideSolutionNode = FALSE
	EndGlobalSection
	GlobalSection(ExtensibilityGlobals) = postSolution
		SolutionGuid = {C128398C-61B4-45C9-8D27-E5F547F10BEA}
	EndGlobalSection
EndGlobal
